{
  "version": 4,
  "terraform_version": "1.7.0",
  "serial": 2,
  "lineage": "7e61380b-a353-5a96-d4a1-2751d1283103",
  "outputs": {},
  "resources": [
    {
      "mode": "data",
      "type": "google_compute_image",
      "name": "cos_image",
      "provider": "provider[\"registry.terraform.io/hashicorp/google\"]",
      "instances": [
        {
          "schema_version": 0,
          "attributes": {
            "archive_size_bytes": 3620716800,
            "creation_timestamp": "2024-01-10T12:03:52.726-08:00",
            "description": "CentOS, CentOS, 7, x86_64 built on 20240110",
            "disk_size_gb": 20,
            "family": "centos-7",
            "filter": null,
            "id": "projects/centos-cloud/global/images/centos-7-v20240110",
            "image_encryption_key_sha256": "",
            "image_id": "2165774284766791367",
            "label_fingerprint": "42WmSpB8rSM=",
            "labels": {},
            "licenses": [
              "https://www.googleapis.com/compute/v1/projects/centos-cloud/global/licenses/centos-7"
            ],
            "most_recent": false,
            "name": "centos-7-v20240110",
            "project": "centos-cloud",
            "self_link": "https://www.googleapis.com/compute/v1/projects/centos-cloud/global/images/centos-7-v20240110",
            "source_disk": "",
            "source_disk_encryption_key_sha256": "",
            "source_disk_id": "",
            "source_image_id": "",
            "status": "READY"
          },
          "sensitive_attributes": []
        }
      ]
    },
    {
      "mode": "data",
      "type": "google_compute_network",
      "name": "default",
      "provider": "provider[\"registry.terraform.io/hashicorp/google\"]",
      "instances": [
        {
          "schema_version": 0,
          "attributes": {
            "description": "Default network for the project",
            "gateway_ipv4": "",
            "id": "projects/storybooksdocker/global/networks/default",
            "internal_ipv6_range": "",
            "name": "default",
            "project": null,
            "self_link": "https://www.googleapis.com/compute/v1/projects/storybooksdocker/global/networks/default",
            "subnetworks_self_links": [
              "https://www.googleapis.com/compute/v1/projects/storybooksdocker/regions/europe-west1/subnetworks/default",
              "https://www.googleapis.com/compute/v1/projects/storybooksdocker/regions/europe-central2/subnetworks/default",
              "https://www.googleapis.com/compute/v1/projects/storybooksdocker/regions/europe-west9/subnetworks/default",
              "https://www.googleapis.com/compute/v1/projects/storybooksdocker/regions/asia-northeast1/subnetworks/default",
              "https://www.googleapis.com/compute/v1/projects/storybooksdocker/regions/us-east5/subnetworks/default",
              "https://www.googleapis.com/compute/v1/projects/storybooksdocker/regions/europe-west3/subnetworks/default",
              "https://www.googleapis.com/compute/v1/projects/storybooksdocker/regions/us-east7/subnetworks/default",
              "https://www.googleapis.com/compute/v1/projects/storybooksdocker/regions/asia-southeast1/subnetworks/default",
              "https://www.googleapis.com/compute/v1/projects/storybooksdocker/regions/australia-southeast2/subnetworks/default",
              "https://www.googleapis.com/compute/v1/projects/storybooksdocker/regions/asia-east1/subnetworks/default",
              "https://www.googleapis.com/compute/v1/projects/storybooksdocker/regions/us-east1/subnetworks/default",
              "https://www.googleapis.com/compute/v1/projects/storybooksdocker/regions/asia-south2/subnetworks/default",
              "https://www.googleapis.com/compute/v1/projects/storybooksdocker/regions/europe-west4/subnetworks/default",
              "https://www.googleapis.com/compute/v1/projects/storybooksdocker/regions/us-west4/subnetworks/default",
              "https://www.googleapis.com/compute/v1/projects/storybooksdocker/regions/europe-west6/subnetworks/default",
              "https://www.googleapis.com/compute/v1/projects/storybooksdocker/regions/australia-southeast1/subnetworks/default",
              "https://www.googleapis.com/compute/v1/projects/storybooksdocker/regions/europe-west8/subnetworks/default",
              "https://www.googleapis.com/compute/v1/projects/storybooksdocker/regions/europe-west2/subnetworks/default",
              "https://www.googleapis.com/compute/v1/projects/storybooksdocker/regions/asia-northeast3/subnetworks/default",
              "https://www.googleapis.com/compute/v1/projects/storybooksdocker/regions/me-central2/subnetworks/default",
              "https://www.googleapis.com/compute/v1/projects/storybooksdocker/regions/asia-east2/subnetworks/default",
              "https://www.googleapis.com/compute/v1/projects/storybooksdocker/regions/europe-southwest1/subnetworks/default",
              "https://www.googleapis.com/compute/v1/projects/storybooksdocker/regions/europe-north1/subnetworks/default",
              "https://www.googleapis.com/compute/v1/projects/storybooksdocker/regions/northamerica-northeast2/subnetworks/default",
              "https://www.googleapis.com/compute/v1/projects/storybooksdocker/regions/me-west1/subnetworks/default",
              "https://www.googleapis.com/compute/v1/projects/storybooksdocker/regions/us-west2/subnetworks/default",
              "https://www.googleapis.com/compute/v1/projects/storybooksdocker/regions/southamerica-west1/subnetworks/default",
              "https://www.googleapis.com/compute/v1/projects/storybooksdocker/regions/asia-south1/subnetworks/default",
              "https://www.googleapis.com/compute/v1/projects/storybooksdocker/regions/asia-southeast2/subnetworks/default",
              "https://www.googleapis.com/compute/v1/projects/storybooksdocker/regions/me-central1/subnetworks/default",
              "https://www.googleapis.com/compute/v1/projects/storybooksdocker/regions/us-east4/subnetworks/default",
              "https://www.googleapis.com/compute/v1/projects/storybooksdocker/regions/europe-west10/subnetworks/default",
              "https://www.googleapis.com/compute/v1/projects/storybooksdocker/regions/africa-south1/subnetworks/default",
              "https://www.googleapis.com/compute/v1/projects/storybooksdocker/regions/us-west8/subnetworks/default",
              "https://www.googleapis.com/compute/v1/projects/storybooksdocker/regions/us-west3/subnetworks/default",
              "https://www.googleapis.com/compute/v1/projects/storybooksdocker/regions/southamerica-east1/subnetworks/default",
              "https://www.googleapis.com/compute/v1/projects/storybooksdocker/regions/northamerica-northeast1/subnetworks/default",
              "https://www.googleapis.com/compute/v1/projects/storybooksdocker/regions/us-west1/subnetworks/default",
              "https://www.googleapis.com/compute/v1/projects/storybooksdocker/regions/europe-west12/subnetworks/default",
              "https://www.googleapis.com/compute/v1/projects/storybooksdocker/regions/asia-northeast2/subnetworks/default",
              "https://www.googleapis.com/compute/v1/projects/storybooksdocker/regions/us-south1/subnetworks/default",
              "https://www.googleapis.com/compute/v1/projects/storybooksdocker/regions/us-central1/subnetworks/default"
            ]
          },
          "sensitive_attributes": []
        }
      ]
    },
    {
      "mode": "managed",
      "type": "google_compute_address",
      "name": "ip_address",
      "provider": "provider[\"registry.terraform.io/hashicorp/google\"]",
      "instances": [
        {
          "schema_version": 0,
          "attributes": {
            "address": "34.118.20.205",
            "address_type": "EXTERNAL",
            "creation_timestamp": "2024-01-28T21:17:31.789-08:00",
            "description": "",
            "effective_labels": {},
            "id": "projects/storybooksdocker/regions/europe-central2/addresses/storybooksdocker-ip-staging",
            "ip_version": "",
            "ipv6_endpoint_type": "",
            "label_fingerprint": "42WmSpB8rSM=",
            "labels": null,
            "name": "storybooksdocker-ip-staging",
            "network": "",
            "network_tier": "PREMIUM",
            "prefix_length": 0,
            "project": "storybooksdocker",
            "purpose": "",
            "region": "europe-central2",
            "self_link": "https://www.googleapis.com/compute/v1/projects/storybooksdocker/regions/europe-central2/addresses/storybooksdocker-ip-staging",
            "subnetwork": "",
            "terraform_labels": {},
            "timeouts": null,
            "users": []
          },
          "sensitive_attributes": [],
          "private": "eyJlMmJmYjczMC1lY2FhLTExZTYtOGY4OC0zNDM2M2JjN2M0YzAiOnsiY3JlYXRlIjoxMjAwMDAwMDAwMDAwLCJkZWxldGUiOjEyMDAwMDAwMDAwMDAsInVwZGF0ZSI6MTIwMDAwMDAwMDAwMH19"
        }
      ]
    }
  ],
  "check_results": null
}
